
Microsoft Visual Studio Solution File, Format Version 11.00
# Visual Studio 2010
Project("{FAE04EC0-301F-11D3-BF4B-00C04F79EFBC}") = "TUT2_SPACE_SHOOTING", "Assembly-CSharp.csproj", "{AC9DE818-8C16-1BA5-FB33-856A7EA4678C}"
EndProject
Project("{FAE04EC0-301F-11D3-BF4B-00C04F79EFBC}") = "TUT2_SPACE_SHOOTING", "Assembly-CSharp-Editor.csproj", "{D8125093-E950-6C35-8869-954A954208EB}"
EndProject
Global
	GlobalSection(SolutionConfigurationPlatforms) = preSolution
		Debug|Any CPU = Debug|Any CPU
		Release|Any CPU = Release|Any CPU
	EndGlobalSection
	GlobalSection(ProjectConfigurationPlatforms) = postSolution
		{AC9DE818-8C16-1BA5-FB33-856A7EA4678C}.Debug|Any CPU.ActiveCfg = Debug|Any CPU
		{AC9DE818-8C16-1BA5-FB33-856A7EA4678C}.Debug|Any CPU.Build.0 = Debug|Any CPU
		{AC9DE818-8C16-1BA5-FB33-856A7EA4678C}.Release|Any CPU.ActiveCfg = Release|Any CPU
		{AC9DE818-8C16-1BA5-FB33-856A7EA4678C}.Release|Any CPU.Build.0 = Release|Any CPU
		{D8125093-E950-6C35-8869-954A954208EB}.Debug|Any CPU.ActiveCfg = Debug|Any CPU
		{D8125093-E950-6C35-8869-954A954208EB}.Debug|Any CPU.Build.0 = Debug|Any CPU
		{D8125093-E950-6C35-8869-954A954208EB}.Release|Any CPU.ActiveCfg = Release|Any CPU
		{D8125093-E950-6C35-8869-954A954208EB}.Release|Any CPU.Build.0 = Release|Any CPU
	EndGlobalSection
	GlobalSection(SolutionProperties) = preSolution
		HideSolutionNode = FALSE
	EndGlobalSection
	GlobalSection(MonoDevelopProperties) = preSolution
		StartupItem = Assembly-CSharp.csproj
	EndGlobalSection
EndGlobal
